
Microsoft Visual Studio Solution File, Format Version 12.00
# Visual Studio 14
VisualStudioVersion = 14.0.25123.0
MinimumVisualStudioVersion = 10.0.40219.1
Project("{D954291E-2A0B-460D-934E-DC6B0785DB48}") = "MediaTransfer", "MediaTransfer\MediaTransfer.shproj", "{248503A2-8DEC-451D-9E01-F7343424A77E}"
EndProject
Project("{2150E333-8FDC-42A3-9474-1A3956D46DE8}") = "Solution Items", "Solution Items", "{39049055-B802-433F-B87B-8FAF7763D52E}"
	ProjectSection(SolutionItems) = preProject
		MediaReceiver.cs = MediaReceiver.cs
		MediaServer.cs = MediaServer.cs
	EndProjectSection
EndProject
Global
	GlobalSection(SharedMSBuildProjectFiles) = preSolution
		MediaTransfer\MediaTransfer.projitems*{248503a2-8dec-451d-9e01-f7343424a77e}*SharedItemsImports = 13
	EndGlobalSection
	GlobalSection(SolutionProperties) = preSolution
		HideSolutionNode = FALSE
	EndGlobalSection
EndGlobal
